
Microsoft Visual Studio Solution File, Format Version 12.00
# Visual Studio Version 17
VisualStudioVersion = 17.12.35527.113
MinimumVisualStudioVersion = 10.0.40219.1
Project("{FAE04EC0-301F-11D3-BF4B-00C04F79EFBC}") = "Session2Demo", "Session2Demo\Session2Demo.csproj", "{49D870A7-00F3-42BD-8E29-5B0AA0DD610F}"
EndProject
Project("{FAE04EC0-301F-11D3-BF4B-00C04F79EFBC}") = "Session2Assignment", "Session2Assignment\Session2Assignment.csproj", "{AA427F08-744C-4C4E-90F4-2E6D3BA64B7C}"
EndProject
Global
	GlobalSection(SolutionConfigurationPlatforms) = preSolution
		Debug|Any CPU = Debug|Any CPU
		Release|Any CPU = Release|Any CPU
	EndGlobalSection
	GlobalSection(ProjectConfigurationPlatforms) = postSolution
		{49D870A7-00F3-42BD-8E29-5B0AA0DD610F}.Debug|Any CPU.ActiveCfg = Debug|Any CPU
		{49D870A7-00F3-42BD-8E29-5B0AA0DD610F}.Debug|Any CPU.Build.0 = Debug|Any CPU
		{49D870A7-00F3-42BD-8E29-5B0AA0DD610F}.Release|Any CPU.ActiveCfg = Release|Any CPU
		{49D870A7-00F3-42BD-8E29-5B0AA0DD610F}.Release|Any CPU.Build.0 = Release|Any CPU
		{AA427F08-744C-4C4E-90F4-2E6D3BA64B7C}.Debug|Any CPU.ActiveCfg = Debug|Any CPU
		{AA427F08-744C-4C4E-90F4-2E6D3BA64B7C}.Debug|Any CPU.Build.0 = Debug|Any CPU
		{AA427F08-744C-4C4E-90F4-2E6D3BA64B7C}.Release|Any CPU.ActiveCfg = Release|Any CPU
		{AA427F08-744C-4C4E-90F4-2E6D3BA64B7C}.Release|Any CPU.Build.0 = Release|Any CPU
	EndGlobalSection
	GlobalSection(SolutionProperties) = preSolution
		HideSolutionNode = FALSE
	EndGlobalSection
EndGlobal
